// !$*UTF8*$!
{
	archiveVersion = 1;
	classes = {
	};
	objectVersion = 55;
	objects = {

/* Begin PBXBuildFile section */
		B65CA03B273431B100DC0EFC /* ModelController.swift in Sources */ = {isa = PBXBuildFile; fileRef = B65CA03A273431B100DC0EFC /* ModelController.swift */; };
		B65D8551272901CD00A0FB50 /* AppDelegate.swift in Sources */ = {isa = PBXBuildFile; fileRef = B65D8550272901CD00A0FB50 /* AppDelegate.swift */; };
		B65D8553272901CD00A0FB50 /* SceneDelegate.swift in Sources */ = {isa = PBXBuildFile; fileRef = B65D8552272901CD00A0FB50 /* SceneDelegate.swift */; };
		B65D8555272901CD00A0FB50 /* ViewController.swift in Sources */ = {isa = PBXBuildFile; fileRef = B65D8554272901CD00A0FB50 /* ViewController.swift */; };
		B65D8558272901CD00A0FB50 /* Main.storyboard in Resources */ = {isa = PBXBuildFile; fileRef = B65D8556272901CD00A0FB50 /* Main.storyboard */; };
		B65D855B272901CD00A0FB50 /* Genshin_Stater.xcdatamodeld in Sources */ = {isa = PBXBuildFile; fileRef = B65D8559272901CD00A0FB50 /* Genshin_Stater.xcdatamodeld */; };
		B65D855D272901CF00A0FB50 /* Assets.xcassets in Resources */ = {isa = PBXBuildFile; fileRef = B65D855C272901CF00A0FB50 /* Assets.xcassets */; };
		B65D8560272901CF00A0FB50 /* LaunchScreen.storyboard in Resources */ = {isa = PBXBuildFile; fileRef = B65D855E272901CF00A0FB50 /* LaunchScreen.storyboard */; };
		B6D765CE2730D56A00813A54 /* Utils.swift in Sources */ = {isa = PBXBuildFile; fileRef = B6D765CD2730D56A00813A54 /* Utils.swift */; };
		B6DC137D272A5C0500A32B8B /* NiceColor.xcassets in Resources */ = {isa = PBXBuildFile; fileRef = B6DC137C272A5C0400A32B8B /* NiceColor.xcassets */; };
		B6DC137F272A7A1D00A32B8B /* Model.swift in Sources */ = {isa = PBXBuildFile; fileRef = B6DC137E272A7A1D00A32B8B /* Model.swift */; };
		B6DC1383272A7D3D00A32B8B /* Documentation.docc in Sources */ = {isa = PBXBuildFile; fileRef = B6DC1382272A7D3D00A32B8B /* Documentation.docc */; };
		B6DC1385272A7D6C00A32B8B /* Genshin_Impact_All_Character_Stats.csv in Resources */ = {isa = PBXBuildFile; fileRef = B6DC1384272A7D6C00A32B8B /* Genshin_Impact_All_Character_Stats.csv */; };
		E7F2A8AF1868A62C55C7710F /* Pods_Genshin_Stater.framework in Frameworks */ = {isa = PBXBuildFile; fileRef = 5E091F17858013F575C09AE8 /* Pods_Genshin_Stater.framework */; };
/* End PBXBuildFile section */

/* Begin PBXFileReference section */
		103F764880D9FE9D097B11A1 /* Pods-Genshin Stater.debug.xcconfig */ = {isa = PBXFileReference; includeInIndex = 1; lastKnownFileType = text.xcconfig; name = "Pods-Genshin Stater.debug.xcconfig"; path = "Target Support Files/Pods-Genshin Stater/Pods-Genshin Stater.debug.xcconfig"; sourceTree = "<group>"; };
		5E091F17858013F575C09AE8 /* Pods_Genshin_Stater.framework */ = {isa = PBXFileReference; explicitFileType = wrapper.framework; includeInIndex = 0; path = Pods_Genshin_Stater.framework; sourceTree = BUILT_PRODUCTS_DIR; };
		B65CA03A273431B100DC0EFC /* ModelController.swift */ = {isa = PBXFileReference; lastKnownFileType = sourcecode.swift; path = ModelController.swift; sourceTree = "<group>"; };
		B65D854D272901CD00A0FB50 /* Genshin Stater.app */ = {isa = PBXFileReference; explicitFileType = wrapper.application; includeInIndex = 0; path = "Genshin Stater.app"; sourceTree = BUILT_PRODUCTS_DIR; };
		B65D8550272901CD00A0FB50 /* AppDelegate.swift */ = {isa = PBXFileReference; lastKnownFileType = sourcecode.swift; path = AppDelegate.swift; sourceTree = "<group>"; };
		B65D8552272901CD00A0FB50 /* SceneDelegate.swift */ = {isa = PBXFileReference; lastKnownFileType = sourcecode.swift; path = SceneDelegate.swift; sourceTree = "<group>"; };
		B65D8554272901CD00A0FB50 /* ViewController.swift */ = {isa = PBXFileReference; lastKnownFileType = sourcecode.swift; path = ViewController.swift; sourceTree = "<group>"; };
		B65D8557272901CD00A0FB50 /* Base */ = {isa = PBXFileReference; lastKnownFileType = file.storyboard; name = Base; path = Base.lproj/Main.storyboard; sourceTree = "<group>"; };
		B65D855A272901CD00A0FB50 /* Genshin_Stater.xcdatamodel */ = {isa = PBXFileReference; lastKnownFileType = wrapper.xcdatamodel; path = Genshin_Stater.xcdatamodel; sourceTree = "<group>"; };
		B65D855C272901CF00A0FB50 /* Assets.xcassets */ = {isa = PBXFileReference; lastKnownFileType = folder.assetcatalog; path = Assets.xcassets; sourceTree = "<group>"; };
		B65D855F272901CF00A0FB50 /* Base */ = {isa = PBXFileReference; lastKnownFileType = file.storyboard; name = Base; path = Base.lproj/LaunchScreen.storyboard; sourceTree = "<group>"; };
		B65D8561272901CF00A0FB50 /* Info.plist */ = {isa = PBXFileReference; lastKnownFileType = text.plist.xml; path = Info.plist; sourceTree = "<group>"; };
		B6D765CD2730D56A00813A54 /* Utils.swift */ = {isa = PBXFileReference; lastKnownFileType = sourcecode.swift; path = Utils.swift; sourceTree = "<group>"; };
		B6D8A605830E9FECD04F74BB /* Pods-Genshin Stater.release.xcconfig */ = {isa = PBXFileReference; includeInIndex = 1; lastKnownFileType = text.xcconfig; name = "Pods-Genshin Stater.release.xcconfig"; path = "Target Support Files/Pods-Genshin Stater/Pods-Genshin Stater.release.xcconfig"; sourceTree = "<group>"; };
		B6DC137C272A5C0400A32B8B /* NiceColor.xcassets */ = {isa = PBXFileReference; lastKnownFileType = folder.assetcatalog; path = NiceColor.xcassets; sourceTree = "<group>"; };
		B6DC137E272A7A1D00A32B8B /* Model.swift */ = {isa = PBXFileReference; lastKnownFileType = sourcecode.swift; path = Model.swift; sourceTree = "<group>"; };
		B6DC1382272A7D3D00A32B8B /* Documentation.docc */ = {isa = PBXFileReference; lastKnownFileType = folder.documentationcatalog; path = Documentation.docc; sourceTree = "<group>"; };
		B6DC1384272A7D6C00A32B8B /* Genshin_Impact_All_Character_Stats.csv */ = {isa = PBXFileReference; fileEncoding = 4; lastKnownFileType = text; path = Genshin_Impact_All_Character_Stats.csv; sourceTree = "<group>"; };
/* End PBXFileReference section */

/* Begin PBXFrameworksBuildPhase section */
		B65D854A272901CD00A0FB50 /* Frameworks */ = {
			isa = PBXFrameworksBuildPhase;
			buildActionMask = 2147483647;
			files = (
				E7F2A8AF1868A62C55C7710F /* Pods_Genshin_Stater.framework in Frameworks */,
			);
			runOnlyForDeploymentPostprocessing = 0;
		};
/* End PBXFrameworksBuildPhase section */

/* Begin PBXGroup section */
		30BE1DE0CB44706F3CA00F46 /* Pods */ = {
			isa = PBXGroup;
			children = (
				103F764880D9FE9D097B11A1 /* Pods-Genshin Stater.debug.xcconfig */,
				B6D8A605830E9FECD04F74BB /* Pods-Genshin Stater.release.xcconfig */,
			);
			path = Pods;
			sourceTree = "<group>";
		};
		496ACADB7DF436580AC1C557 /* Frameworks */ = {
			isa = PBXGroup;
			children = (
				5E091F17858013F575C09AE8 /* Pods_Genshin_Stater.framework */,
			);
			name = Frameworks;
			sourceTree = "<group>";
		};
		B65D8544272901CD00A0FB50 = {
			isa = PBXGroup;
			children = (
				B65D854F272901CD00A0FB50 /* Genshin Stater */,
				B65D854E272901CD00A0FB50 /* Products */,
				30BE1DE0CB44706F3CA00F46 /* Pods */,
				496ACADB7DF436580AC1C557 /* Frameworks */,
			);
			sourceTree = "<group>";
		};
		B65D854E272901CD00A0FB50 /* Products */ = {
			isa = PBXGroup;
			children = (
				B65D854D272901CD00A0FB50 /* Genshin Stater.app */,
			);
			name = Products;
			sourceTree = "<group>";
		};
		B65D854F272901CD00A0FB50 /* Genshin Stater */ = {
			isa = PBXGroup;
			children = (
				B6DC1384272A7D6C00A32B8B /* Genshin_Impact_All_Character_Stats.csv */,
				B6DC137E272A7A1D00A32B8B /* Model.swift */,
				B65D8550272901CD00A0FB50 /* AppDelegate.swift */,
				B65D8552272901CD00A0FB50 /* SceneDelegate.swift */,
				B65D8554272901CD00A0FB50 /* ViewController.swift */,
				B65D8556272901CD00A0FB50 /* Main.storyboard */,
				B65D855C272901CF00A0FB50 /* Assets.xcassets */,
				B65D855E272901CF00A0FB50 /* LaunchScreen.storyboard */,
				B65D8561272901CF00A0FB50 /* Info.plist */,
				B65D8559272901CD00A0FB50 /* Genshin_Stater.xcdatamodeld */,
				B6DC137C272A5C0400A32B8B /* NiceColor.xcassets */,
				B6DC1382272A7D3D00A32B8B /* Documentation.docc */,
				B6D765CD2730D56A00813A54 /* Utils.swift */,
				B65CA03A273431B100DC0EFC /* ModelController.swift */,
			);
			path = "Genshin Stater";
			sourceTree = "<group>";
		};
/* End PBXGroup section */

/* Begin PBXNativeTarget section */
		B65D854C272901CD00A0FB50 /* Genshin Stater */ = {
			isa = PBXNativeTarget;
			buildConfigurationList = B65D8564272901CF00A0FB50 /* Build configuration list for PBXNativeTarget "Genshin Stater" */;
			buildPhases = (
				FF4E2B0A839B1C5B657387D1 /* [CP] Check Pods Manifest.lock */,
				B65D8549272901CD00A0FB50 /* Sources */,
				B65D854A272901CD00A0FB50 /* Frameworks */,
				B65D854B272901CD00A0FB50 /* Resources */,
				9FAE4A5EDE7EF063B56D8DA1 /* [CP] Embed Pods Frameworks */,
			);
			buildRules = (
			);
			dependencies = (
			);
			name = "Genshin Stater";
			productName = "Genshin Stater";
			productReference = B65D854D272901CD00A0FB50 /* Genshin Stater.app */;
			productType = "com.apple.product-type.application";
		};
/* End PBXNativeTarget section */

/* Begin PBXProject section */
		B65D8545272901CD00A0FB50 /* Project object */ = {
			isa = PBXProject;
			attributes = {
				BuildIndependentTargetsInParallel = 1;
				LastSwiftUpdateCheck = 1300;
				LastUpgradeCheck = 1300;
				TargetAttributes = {
					B65D854C272901CD00A0FB50 = {
						CreatedOnToolsVersion = 13.0;
					};
				};
			};
			buildConfigurationList = B65D8548272901CD00A0FB50 /* Build configuration list for PBXProject "Genshin Stater" */;
			compatibilityVersion = "Xcode 13.0";
			developmentRegion = en;
			hasScannedForEncodings = 0;
			knownRegions = (
				en,
				Base,
			);
			mainGroup = B65D8544272901CD00A0FB50;
			productRefGroup = B65D854E272901CD00A0FB50 /* Products */;
			projectDirPath = "";
			projectRoot = "";
			targets = (
				B65D854C272901CD00A0FB50 /* Genshin Stater */,
			);
		};
/* End PBXProject section */

/* Begin PBXResourcesBuildPhase section */
		B65D854B272901CD00A0FB50 /* Resources */ = {
			isa = PBXResourcesBuildPhase;
			buildActionMask = 2147483647;
			files = (
				B6DC137D272A5C0500A32B8B /* NiceColor.xcassets in Resources */,
				B65D8560272901CF00A0FB50 /* LaunchScreen.storyboard in Resources */,
				B65D855D272901CF00A0FB50 /* Assets.xcassets in Resources */,
				B65D8558272901CD00A0FB50 /* Main.storyboard in Resources */,
				B6DC1385272A7D6C00A32B8B /* Genshin_Impact_All_Character_Stats.csv in Resources */,
			);
			runOnlyForDeploymentPostprocessing = 0;
		};
/* End PBXResourcesBuildPhase section */

/* Begin PBXShellScriptBuildPhase section */
		9FAE4A5EDE7EF063B56D8DA1 /* [CP] Embed Pods Frameworks */ = {
			isa = PBXShellScriptBuildPhase;
			buildActionMask = 2147483647;
			files = (
			);
			inputFileListPaths = (
				"${PODS_ROOT}/Target Support Files/Pods-Genshin Stater/Pods-Genshin Stater-frameworks-${CONFIGURATION}-input-files.xcfilelist",
			);
			name = "[CP] Embed Pods Frameworks";
			outputFileListPaths = (
				"${PODS_ROOT}/Target Support Files/Pods-Genshin Stater/Pods-Genshin Stater-frameworks-${CONFIGURATION}-output-files.xcfilelist",
			);
			runOnlyForDeploymentPostprocessing = 0;
			shellPath = /bin/sh;
			shellScript = "\"${PODS_ROOT}/Target Support Files/Pods-Genshin Stater/Pods-Genshin Stater-frameworks.sh\"\n";
			showEnvVarsInLog = 0;
		};
		FF4E2B0A839B1C5B657387D1 /* [CP] Check Pods Manifest.lock */ = {
			isa = PBXShellScriptBuildPhase;
			buildActionMask = 2147483647;
			files = (
			);
			inputFileListPaths = (
			);
			inputPaths = (
				"${PODS_PODFILE_DIR_PATH}/Podfile.lock",
				"${PODS_ROOT}/Manifest.lock",
			);
			name = "[CP] Check Pods Manifest.lock";
			outputFileListPaths = (
			);
			outputPaths = (
				"$(DERIVED_FILE_DIR)/Pods-Genshin Stater-checkManifestLockResult.txt",
			);
			runOnlyForDeploymentPostprocessing = 0;
			shellPath = /bin/sh;
			shellScript = "diff \"${PODS_PODFILE_DIR_PATH}/Podfile.lock\" \"${PODS_ROOT}/Manifest.lock\" > /dev/null\nif [ $? != 0 ] ; then\n    # print error to STDERR\n    echo \"error: The sandbox is not in sync with the Podfile.lock. Run 'pod install' or update your CocoaPods installation.\" >&2\n    exit 1\nfi\n# This output is used by Xcode 'outputs' to avoid re-running this script phase.\necho \"SUCCESS\" > \"${SCRIPT_OUTPUT_FILE_0}\"\n";
			showEnvVarsInLog = 0;
		};
/* End PBXShellScriptBuildPhase section */

/* Begin PBXSourcesBuildPhase section */
		B65D8549272901CD00A0FB50 /* Sources */ = {
			isa = PBXSourcesBuildPhase;
			buildActionMask = 2147483647;
			files = (
				B6DC137F272A7A1D00A32B8B /* Model.swift in Sources */,
				B6DC1383272A7D3D00A32B8B /* Documentation.docc in Sources */,
				B65D8555272901CD00A0FB50 /* ViewController.swift in Sources */,
				B6D765CE2730D56A00813A54 /* Utils.swift in Sources */,
				B65D855B272901CD00A0FB50 /* Genshin_Stater.xcdatamodeld in Sources */,
				B65CA03B273431B100DC0EFC /* ModelController.swift in Sources */,
				B65D8551272901CD00A0FB50 /* AppDelegate.swift in Sources */,
				B65D8553272901CD00A0FB50 /* SceneDelegate.swift in Sources */,
			);
			runOnlyForDeploymentPostprocessing = 0;
		};
/* End PBXSourcesBuildPhase section */

/* Begin PBXVariantGroup section */
		B65D8556272901CD00A0FB50 /* Main.storyboard */ = {
			isa = PBXVariantGroup;
			children = (
				B65D8557272901CD00A0FB50 /* Base */,
			);
			name = Main.storyboard;
			sourceTree = "<group>";
		};
		B65D855E272901CF00A0FB50 /* LaunchScreen.storyboard */ = {
			isa = PBXVariantGroup;
			children = (
				B65D855F272901CF00A0FB50 /* Base */,
			);
			name = LaunchScreen.storyboard;
			sourceTree = "<group>";
		};
/* End PBXVariantGroup section */

/* Begin XCBuildConfiguration section */
		B65D8562272901CF00A0FB50 /* Debug */ = {
			isa = XCBuildConfiguration;
			buildSettings = {
				ALWAYS_SEARCH_USER_PATHS = NO;
				CLANG_ANALYZER_NONNULL = YES;
				CLANG_ANALYZER_NUMBER_OBJECT_CONVERSION = YES_AGGRESSIVE;
				CLANG_CXX_LANGUAGE_STANDARD = "gnu++17";
				CLANG_CXX_LIBRARY = "libc++";
				CLANG_ENABLE_MODULES = YES;
				CLANG_ENABLE_OBJC_ARC = YES;
				CLANG_ENABLE_OBJC_WEAK = YES;
				CLANG_WARN_BLOCK_CAPTURE_AUTORELEASING = YES;
				CLANG_WARN_BOOL_CONVERSION = YES;
				CLANG_WARN_COMMA = YES;
				CLANG_WARN_CONSTANT_CONVERSION = YES;
				CLANG_WARN_DEPRECATED_OBJC_IMPLEMENTATIONS = YES;
				CLANG_WARN_DIRECT_OBJC_ISA_USAGE = YES_ERROR;
				CLANG_WARN_DOCUMENTATION_COMMENTS = YES;
				CLANG_WARN_EMPTY_BODY = YES;
				CLANG_WARN_ENUM_CONVERSION = YES;
				CLANG_WARN_INFINITE_RECURSION = YES;
				CLANG_WARN_INT_CONVERSION = YES;
				CLANG_WARN_NON_LITERAL_NULL_CONVERSION = YES;
				CLANG_WARN_OBJC_IMPLICIT_RETAIN_SELF = YES;
				CLANG_WARN_OBJC_LITERAL_CONVERSION = YES;
				CLANG_WARN_OBJC_ROOT_CLASS = YES_ERROR;
				CLANG_WARN_QUOTED_INCLUDE_IN_FRAMEWORK_HEADER = YES;
				CLANG_WARN_RANGE_LOOP_ANALYSIS = YES;
				CLANG_WARN_STRICT_PROTOTYPES = YES;
				CLANG_WARN_SUSPICIOUS_MOVE = YES;
				CLANG_WARN_UNGUARDED_AVAILABILITY = YES_AGGRESSIVE;
				CLANG_WARN_UNREACHABLE_CODE = YES;
				CLANG_WARN__DUPLICATE_METHOD_MATCH = YES;
				COPY_PHASE_STRIP = NO;
				DEBUG_INFORMATION_FORMAT = dwarf;
				ENABLE_STRICT_OBJC_MSGSEND = YES;
				ENABLE_TESTABILITY = YES;
				GCC_C_LANGUAGE_STANDARD = gnu11;
				GCC_DYNAMIC_NO_PIC = NO;
				GCC_NO_COMMON_BLOCKS = YES;
				GCC_OPTIMIZATION_LEVEL = 0;
				GCC_PREPROCESSOR_DEFINITIONS = (
					"DEBUG=1",
					"$(inherited)",
				);
				GCC_WARN_64_TO_32_BIT_CONVERSION = YES;
				GCC_WARN_ABOUT_RETURN_TYPE = YES_ERROR;
				GCC_WARN_UNDECLARED_SELECTOR = YES;
				GCC_WARN_UNINITIALIZED_AUTOS = YES_AGGRESSIVE;
				GCC_WARN_UNUSED_FUNCTION = YES;
				GCC_WARN_UNUSED_VARIABLE = YES;
				IPHONEOS_DEPLOYMENT_TARGET = 15.0;
				MTL_ENABLE_DEBUG_INFO = INCLUDE_SOURCE;
				MTL_FAST_MATH = YES;
				ONLY_ACTIVE_ARCH = YES;
				SDKROOT = iphoneos;
				SWIFT_ACTIVE_COMPILATION_CONDITIONS = DEBUG;
				SWIFT_OPTIMIZATION_LEVEL = "-Onone";
			};
			name = Debug;
		};
		B65D8563272901CF00A0FB50 /* Release */ = {
			isa = XCBuildConfiguration;
			buildSettings = {
				ALWAYS_SEARCH_USER_PATHS = NO;
				CLANG_ANALYZER_NONNULL = YES;
				CLANG_ANALYZER_NUMBER_OBJECT_CONVERSION = YES_AGGRESSIVE;
				CLANG_CXX_LANGUAGE_STANDARD = "gnu++17";
				CLANG_CXX_LIBRARY = "libc++";
				CLANG_ENABLE_MODULES = YES;
				CLANG_ENABLE_OBJC_ARC = YES;
				CLANG_ENABLE_OBJC_WEAK = YES;
				CLANG_WARN_BLOCK_CAPTURE_AUTORELEASING = YES;
				CLANG_WARN_BOOL_CONVERSION = YES;
				CLANG_WARN_COMMA = YES;
				CLANG_WARN_CONSTANT_CONVERSION = YES;
				CLANG_WARN_DEPRECATED_OBJC_IMPLEMENTATIONS = YES;
				CLANG_WARN_DIRECT_OBJC_ISA_USAGE = YES_ERROR;
				CLANG_WARN_DOCUMENTATION_COMMENTS = YES;
				CLANG_WARN_EMPTY_BODY = YES;
				CLANG_WARN_ENUM_CONVERSION = YES;
				CLANG_WARN_INFINITE_RECURSION = YES;
				CLANG_WARN_INT_CONVERSION = YES;
				CLANG_WARN_NON_LITERAL_NULL_CONVERSION = YES;
				CLANG_WARN_OBJC_IMPLICIT_RETAIN_SELF = YES;
				CLANG_WARN_OBJC_LITERAL_CONVERSION = YES;
				CLANG_WARN_OBJC_ROOT_CLASS = YES_ERROR;
				CLANG_WARN_QUOTED_INCLUDE_IN_FRAMEWORK_HEADER = YES;
				CLANG_WARN_RANGE_LOOP_ANALYSIS = YES;
				CLANG_WARN_STRICT_PROTOTYPES = YES;
				CLANG_WARN_SUSPICIOUS_MOVE = YES;
				CLANG_WARN_UNGUARDED_AVAILABILITY = YES_AGGRESSIVE;
				CLANG_WARN_UNREACHABLE_CODE = YES;
				CLANG_WARN__DUPLICATE_METHOD_MATCH = YES;
				COPY_PHASE_STRIP = NO;
				DEBUG_INFORMATION_FORMAT = "dwarf-with-dsym";
				ENABLE_NS_ASSERTIONS = NO;
				ENABLE_STRICT_OBJC_MSGSEND = YES;
				GCC_C_LANGUAGE_STANDARD = gnu11;
				GCC_NO_COMMON_BLOCKS = YES;
				GCC_WARN_64_TO_32_BIT_CONVERSION = YES;
				GCC_WARN_ABOUT_RETURN_TYPE = YES_ERROR;
				GCC_WARN_UNDECLARED_SELECTOR = YES;
				GCC_WARN_UNINITIALIZED_AUTOS = YES_AGGRESSIVE;
				GCC_WARN_UNUSED_FUNCTION = YES;
				GCC_WARN_UNUSED_VARIABLE = YES;
				IPHONEOS_DEPLOYMENT_TARGET = 15.0;
				MTL_ENABLE_DEBUG_INFO = NO;
				MTL_FAST_MATH = YES;
				SDKROOT = iphoneos;
				SWIFT_COMPILATION_MODE = wholemodule;
				SWIFT_OPTIMIZATION_LEVEL = "-O";
				VALIDATE_PRODUCT = YES;
			};
			name = Release;
		};
		B65D8565272901CF00A0FB50 /* Debug */ = {
			isa = XCBuildConfiguration;
			baseConfigurationReference = 103F764880D9FE9D097B11A1 /* Pods-Genshin Stater.debug.xcconfig */;
			buildSettings = {
				ASSETCATALOG_COMPILER_APPICON_NAME = AppIcon;
				ASSETCATALOG_COMPILER_GLOBAL_ACCENT_COLOR_NAME = AccentColor;
				CODE_SIGN_STYLE = Automatic;
				CURRENT_PROJECT_VERSION = 1;
				DEVELOPMENT_TEAM = F9X8CNC5RT;
				GENERATE_INFOPLIST_FILE = YES;
				INFOPLIST_FILE = "Genshin Stater/Info.plist";
				INFOPLIST_KEY_UIApplicationSupportsIndirectInputEvents = YES;
				INFOPLIST_KEY_UILaunchStoryboardName = LaunchScreen;
				INFOPLIST_KEY_UIMainStoryboardFile = Main;
				INFOPLIST_KEY_UISupportedInterfaceOrientations = UIInterfaceOrientationPortrait;
				INFOPLIST_KEY_UISupportedInterfaceOrientations_iPad = "UIInterfaceOrientationPortrait UIInterfaceOrientationPortraitUpsideDown UIInterfaceOrientationLandscapeLeft UIInterfaceOrientationLandscapeRight";
				INFOPLIST_KEY_UISupportedInterfaceOrientations_iPhone = "UIInterfaceOrientationPortrait UIInterfaceOrientationLandscapeLeft UIInterfaceOrientationLandscapeRight";
				LD_RUNPATH_SEARCH_PATHS = (
					"$(inherited)",
					"@executable_path/Frameworks",
				);
				MARKETING_VERSION = 1.0;
				PRODUCT_BUNDLE_IDENTIFIER = "cn.kamikuz.Genshin-Stater";
				PRODUCT_NAME = "$(TARGET_NAME)";
				SWIFT_EMIT_LOC_STRINGS = YES;
				SWIFT_VERSION = 5.0;
				TARGETED_DEVICE_FAMILY = 1;
			};
			name = Debug;
		};
		B65D8566272901CF00A0FB50 /* Release */ = {
			isa = XCBuildConfiguration;
			baseConfigurationReference = B6D8A605830E9FECD04F74BB /* Pods-Genshin Stater.release.xcconfig */;
			buildSettings = {
				ASSETCATALOG_COMPILER_APPICON_NAME = AppIcon;
				ASSETCATALOG_COMPILER_GLOBAL_ACCENT_COLOR_NAME = AccentColor;
				CODE_SIGN_STYLE = Automatic;
				CURRENT_PROJECT_VERSION = 1;
				DEVELOPMENT_TEAM = F9X8CNC5RT;
				GENERATE_INFOPLIST_FILE = YES;
				INFOPLIST_FILE = "Genshin Stater/Info.plist";
				INFOPLIST_KEY_UIApplicationSupportsIndirectInputEvents = YES;
				INFOPLIST_KEY_UILaunchStoryboardName = LaunchScreen;
				INFOPLIST_KEY_UIMainStoryboardFile = Main;
				INFOPLIST_KEY_UISupportedInterfaceOrientations = UIInterfaceOrientationPortrait;
				INFOPLIST_KEY_UISupportedInterfaceOrientations_iPad = "UIInterfaceOrientationPortrait UIInterfaceOrientationPortraitUpsideDown UIInterfaceOrientationLandscapeLeft UIInterfaceOrientationLandscapeRight";
				INFOPLIST_KEY_UISupportedInterfaceOrientations_iPhone = "UIInterfaceOrientationPortrait UIInterfaceOrientationLandscapeLeft UIInterfaceOrientationLandscapeRight";
				LD_RUNPATH_SEARCH_PATHS = (
					"$(inherited)",
					"@executable_path/Frameworks",
				);
				MARKETING_VERSION = 1.0;
				PRODUCT_BUNDLE_IDENTIFIER = "cn.kamikuz.Genshin-Stater";
				PRODUCT_NAME = "$(TARGET_NAME)";
				SWIFT_EMIT_LOC_STRINGS = YES;
				SWIFT_VERSION = 5.0;
				TARGETED_DEVICE_FAMILY = 1;
			};
			name = Release;
		};
/* End XCBuildConfiguration section */

/* Begin XCConfigurationList section */
		B65D8548272901CD00A0FB50 /* Build configuration list for PBXProject "Genshin Stater" */ = {
			isa = XCConfigurationList;
			buildConfigurations = (
				B65D8562272901CF00A0FB50 /* Debug */,
				B65D8563272901CF00A0FB50 /* Release */,
			);
			defaultConfigurationIsVisible = 0;
			defaultConfigurationName = Release;
		};
		B65D8564272901CF00A0FB50 /* Build configuration list for PBXNativeTarget "Genshin Stater" */ = {
			isa = XCConfigurationList;
			buildConfigurations = (
				B65D8565272901CF00A0FB50 /* Debug */,
				B65D8566272901CF00A0FB50 /* Release */,
			);
			defaultConfigurationIsVisible = 0;
			defaultConfigurationName = Release;
		};
/* End XCConfigurationList section */

/* Begin XCVersionGroup section */
		B65D8559272901CD00A0FB50 /* Genshin_Stater.xcdatamodeld */ = {
			isa = XCVersionGroup;
			children = (
				B65D855A272901CD00A0FB50 /* Genshin_Stater.xcdatamodel */,
			);
			currentVersion = B65D855A272901CD00A0FB50 /* Genshin_Stater.xcdatamodel */;
			path = Genshin_Stater.xcdatamodeld;
			sourceTree = "<group>";
			versionGroupType = wrapper.xcdatamodel;
		};
/* End XCVersionGroup section */
	};
	rootObject = B65D8545272901CD00A0FB50 /* Project object */;
}
